
Microsoft Visual Studio Solution File, Format Version 12.00
# Visual Studio 15
VisualStudioVersion = 15.0.27428.2037
MinimumVisualStudioVersion = 10.0.40219.1
Project("{FAE04EC0-301F-11D3-BF4B-00C04F79EFBC}") = "GroceryShoppingCart", "GroceryShoppingCart\GroceryShoppingCart.csproj", "{FA7198BF-C89A-4312-970B-877F17FE3102}"
EndProject
Global
	GlobalSection(SolutionConfigurationPlatforms) = preSolution
		Debug|Any CPU = Debug|Any CPU
		Release|Any CPU = Release|Any CPU
	EndGlobalSection
	GlobalSection(ProjectConfigurationPlatforms) = postSolution
		{FA7198BF-C89A-4312-970B-877F17FE3102}.Debug|Any CPU.ActiveCfg = Debug|Any CPU
		{FA7198BF-C89A-4312-970B-877F17FE3102}.Debug|Any CPU.Build.0 = Debug|Any CPU
		{FA7198BF-C89A-4312-970B-877F17FE3102}.Release|Any CPU.ActiveCfg = Release|Any CPU
		{FA7198BF-C89A-4312-970B-877F17FE3102}.Release|Any CPU.Build.0 = Release|Any CPU
	EndGlobalSection
	GlobalSection(SolutionProperties) = preSolution
		HideSolutionNode = FALSE
	EndGlobalSection
	GlobalSection(ExtensibilityGlobals) = postSolution
		SolutionGuid = {58DD1905-8135-4D66-8381-D0C25607A1F2}
	EndGlobalSection
EndGlobal
